
Microsoft Visual Studio Solution File, Format Version 12.00
# Visual Studio Version 17
VisualStudioVersion = 17.0.31903.59
MinimumVisualStudioVersion = 10.0.40219.1
Project("{FAE04EC0-301F-11D3-BF4B-00C04F79EFBC}") = "Day17", "Day17\Day17.csproj", "{835F078D-A3B5-443E-8335-D5AF42C667C7}"
EndProject
Project("{FAE04EC0-301F-11D3-BF4B-00C04F79EFBC}") = "Day18", "Day18\Day18.csproj", "{2CC569E5-2A4B-41A6-9DA4-AA99FCB7B6FA}"
EndProject
Global
	GlobalSection(SolutionConfigurationPlatforms) = preSolution
		Debug|Any CPU = Debug|Any CPU
		Debug|x64 = Debug|x64
		Debug|x86 = Debug|x86
		Release|Any CPU = Release|Any CPU
		Release|x64 = Release|x64
		Release|x86 = Release|x86
	EndGlobalSection
	GlobalSection(ProjectConfigurationPlatforms) = postSolution
		{835F078D-A3B5-443E-8335-D5AF42C667C7}.Debug|Any CPU.ActiveCfg = Debug|Any CPU
		{835F078D-A3B5-443E-8335-D5AF42C667C7}.Debug|Any CPU.Build.0 = Debug|Any CPU
		{835F078D-A3B5-443E-8335-D5AF42C667C7}.Debug|x64.ActiveCfg = Debug|Any CPU
		{835F078D-A3B5-443E-8335-D5AF42C667C7}.Debug|x64.Build.0 = Debug|Any CPU
		{835F078D-A3B5-443E-8335-D5AF42C667C7}.Debug|x86.ActiveCfg = Debug|Any CPU
		{835F078D-A3B5-443E-8335-D5AF42C667C7}.Debug|x86.Build.0 = Debug|Any CPU
		{835F078D-A3B5-443E-8335-D5AF42C667C7}.Release|Any CPU.ActiveCfg = Release|Any CPU
		{835F078D-A3B5-443E-8335-D5AF42C667C7}.Release|Any CPU.Build.0 = Release|Any CPU
		{835F078D-A3B5-443E-8335-D5AF42C667C7}.Release|x64.ActiveCfg = Release|Any CPU
		{835F078D-A3B5-443E-8335-D5AF42C667C7}.Release|x64.Build.0 = Release|Any CPU
		{835F078D-A3B5-443E-8335-D5AF42C667C7}.Release|x86.ActiveCfg = Release|Any CPU
		{835F078D-A3B5-443E-8335-D5AF42C667C7}.Release|x86.Build.0 = Release|Any CPU
		{2CC569E5-2A4B-41A6-9DA4-AA99FCB7B6FA}.Debug|Any CPU.ActiveCfg = Debug|Any CPU
		{2CC569E5-2A4B-41A6-9DA4-AA99FCB7B6FA}.Debug|Any CPU.Build.0 = Debug|Any CPU
		{2CC569E5-2A4B-41A6-9DA4-AA99FCB7B6FA}.Debug|x64.ActiveCfg = Debug|Any CPU
		{2CC569E5-2A4B-41A6-9DA4-AA99FCB7B6FA}.Debug|x64.Build.0 = Debug|Any CPU
		{2CC569E5-2A4B-41A6-9DA4-AA99FCB7B6FA}.Debug|x86.ActiveCfg = Debug|Any CPU
		{2CC569E5-2A4B-41A6-9DA4-AA99FCB7B6FA}.Debug|x86.Build.0 = Debug|Any CPU
		{2CC569E5-2A4B-41A6-9DA4-AA99FCB7B6FA}.Release|Any CPU.ActiveCfg = Release|Any CPU
		{2CC569E5-2A4B-41A6-9DA4-AA99FCB7B6FA}.Release|Any CPU.Build.0 = Release|Any CPU
		{2CC569E5-2A4B-41A6-9DA4-AA99FCB7B6FA}.Release|x64.ActiveCfg = Release|Any CPU
		{2CC569E5-2A4B-41A6-9DA4-AA99FCB7B6FA}.Release|x64.Build.0 = Release|Any CPU
		{2CC569E5-2A4B-41A6-9DA4-AA99FCB7B6FA}.Release|x86.ActiveCfg = Release|Any CPU
		{2CC569E5-2A4B-41A6-9DA4-AA99FCB7B6FA}.Release|x86.Build.0 = Release|Any CPU
	EndGlobalSection
	GlobalSection(SolutionProperties) = preSolution
		HideSolutionNode = FALSE
	EndGlobalSection
EndGlobal
