
Microsoft Visual Studio Solution File, Format Version 12.00
# Visual Studio Version 17
VisualStudioVersion = 17.0.31903.59
MinimumVisualStudioVersion = 10.0.40219.1
Project("{FAE04EC0-301F-11D3-BF4B-00C04F79EFBC}") = "Day1", "Day1\Day1.csproj", "{C1BB8503-7200-4E2A-9ECA-9CEF95599AE2}"
EndProject
Project("{FAE04EC0-301F-11D3-BF4B-00C04F79EFBC}") = "Day2", "Day2\Day2.csproj", "{1A603C36-29BB-4D44-B335-49627DE1D84F}"
EndProject
Project("{FAE04EC0-301F-11D3-BF4B-00C04F79EFBC}") = "Day3", "Day3\Day3.csproj", "{2E9F031C-6CB8-43A1-904B-5C1E9449D77F}"
EndProject
Project("{FAE04EC0-301F-11D3-BF4B-00C04F79EFBC}") = "Day4", "Day4\Day4.csproj", "{8A2E7749-1C4B-43D7-AF94-6F7D76832125}"
EndProject
Project("{FAE04EC0-301F-11D3-BF4B-00C04F79EFBC}") = "Day5", "Day5\Day5.csproj", "{979199F6-80BF-49F7-BAB0-1CCFCBABCB60}"
EndProject
Project("{FAE04EC0-301F-11D3-BF4B-00C04F79EFBC}") = "EventStandardPattern", "EventStandardPattern\EventStandardPattern.csproj", "{83A86788-3758-423F-A14E-3E6CFFEC00FB}"
EndProject
Project("{FAE04EC0-301F-11D3-BF4B-00C04F79EFBC}") = "Day6", "Day6\Day6.csproj", "{7DF86CD3-62D7-4132-AD98-8424BDADBB09}"
EndProject
Project("{FAE04EC0-301F-11D3-BF4B-00C04F79EFBC}") = "Day7", "Day7\Day7.csproj", "{0E4294B8-1175-4445-8AD9-6B027440CCEF}"
EndProject
Project("{FAE04EC0-301F-11D3-BF4B-00C04F79EFBC}") = "Day8", "Day8\Day8.csproj", "{7175D074-7A8A-4A24-A01C-361EEB5D1FAB}"
EndProject
Project("{FAE04EC0-301F-11D3-BF4B-00C04F79EFBC}") = "Day9", "Day9\Day9.csproj", "{CF163A03-C3AE-48C3-9982-BABB6FB636D3}"
EndProject
Project("{FAE04EC0-301F-11D3-BF4B-00C04F79EFBC}") = "Day10", "Day10\Day10.csproj", "{A42FCEDD-E2B7-4501-8CF9-D54C530C0259}"
EndProject
Project("{FAE04EC0-301F-11D3-BF4B-00C04F79EFBC}") = "Day11", "Day11\Day11.csproj", "{DB8A4D66-9E18-4B20-8A5A-E39AB14140BC}"
EndProject
Project("{FAE04EC0-301F-11D3-BF4B-00C04F79EFBC}") = "Day12", "Day12\Day12.csproj", "{9B32316F-E02A-4D0B-9717-DCFA8CDDBE0E}"
EndProject
Global
	GlobalSection(SolutionConfigurationPlatforms) = preSolution
		Debug|Any CPU = Debug|Any CPU
		Debug|x64 = Debug|x64
		Debug|x86 = Debug|x86
		Release|Any CPU = Release|Any CPU
		Release|x64 = Release|x64
		Release|x86 = Release|x86
	EndGlobalSection
	GlobalSection(ProjectConfigurationPlatforms) = postSolution
		{C1BB8503-7200-4E2A-9ECA-9CEF95599AE2}.Debug|Any CPU.ActiveCfg = Debug|Any CPU
		{C1BB8503-7200-4E2A-9ECA-9CEF95599AE2}.Debug|Any CPU.Build.0 = Debug|Any CPU
		{C1BB8503-7200-4E2A-9ECA-9CEF95599AE2}.Debug|x64.ActiveCfg = Debug|Any CPU
		{C1BB8503-7200-4E2A-9ECA-9CEF95599AE2}.Debug|x64.Build.0 = Debug|Any CPU
		{C1BB8503-7200-4E2A-9ECA-9CEF95599AE2}.Debug|x86.ActiveCfg = Debug|Any CPU
		{C1BB8503-7200-4E2A-9ECA-9CEF95599AE2}.Debug|x86.Build.0 = Debug|Any CPU
		{C1BB8503-7200-4E2A-9ECA-9CEF95599AE2}.Release|Any CPU.ActiveCfg = Release|Any CPU
		{C1BB8503-7200-4E2A-9ECA-9CEF95599AE2}.Release|Any CPU.Build.0 = Release|Any CPU
		{C1BB8503-7200-4E2A-9ECA-9CEF95599AE2}.Release|x64.ActiveCfg = Release|Any CPU
		{C1BB8503-7200-4E2A-9ECA-9CEF95599AE2}.Release|x64.Build.0 = Release|Any CPU
		{C1BB8503-7200-4E2A-9ECA-9CEF95599AE2}.Release|x86.ActiveCfg = Release|Any CPU
		{C1BB8503-7200-4E2A-9ECA-9CEF95599AE2}.Release|x86.Build.0 = Release|Any CPU
		{1A603C36-29BB-4D44-B335-49627DE1D84F}.Debug|Any CPU.ActiveCfg = Debug|Any CPU
		{1A603C36-29BB-4D44-B335-49627DE1D84F}.Debug|Any CPU.Build.0 = Debug|Any CPU
		{1A603C36-29BB-4D44-B335-49627DE1D84F}.Debug|x64.ActiveCfg = Debug|Any CPU
		{1A603C36-29BB-4D44-B335-49627DE1D84F}.Debug|x64.Build.0 = Debug|Any CPU
		{1A603C36-29BB-4D44-B335-49627DE1D84F}.Debug|x86.ActiveCfg = Debug|Any CPU
		{1A603C36-29BB-4D44-B335-49627DE1D84F}.Debug|x86.Build.0 = Debug|Any CPU
		{1A603C36-29BB-4D44-B335-49627DE1D84F}.Release|Any CPU.ActiveCfg = Release|Any CPU
		{1A603C36-29BB-4D44-B335-49627DE1D84F}.Release|Any CPU.Build.0 = Release|Any CPU
		{1A603C36-29BB-4D44-B335-49627DE1D84F}.Release|x64.ActiveCfg = Release|Any CPU
		{1A603C36-29BB-4D44-B335-49627DE1D84F}.Release|x64.Build.0 = Release|Any CPU
		{1A603C36-29BB-4D44-B335-49627DE1D84F}.Release|x86.ActiveCfg = Release|Any CPU
		{1A603C36-29BB-4D44-B335-49627DE1D84F}.Release|x86.Build.0 = Release|Any CPU
		{2E9F031C-6CB8-43A1-904B-5C1E9449D77F}.Debug|Any CPU.ActiveCfg = Debug|Any CPU
		{2E9F031C-6CB8-43A1-904B-5C1E9449D77F}.Debug|Any CPU.Build.0 = Debug|Any CPU
		{2E9F031C-6CB8-43A1-904B-5C1E9449D77F}.Debug|x64.ActiveCfg = Debug|Any CPU
		{2E9F031C-6CB8-43A1-904B-5C1E9449D77F}.Debug|x64.Build.0 = Debug|Any CPU
		{2E9F031C-6CB8-43A1-904B-5C1E9449D77F}.Debug|x86.ActiveCfg = Debug|Any CPU
		{2E9F031C-6CB8-43A1-904B-5C1E9449D77F}.Debug|x86.Build.0 = Debug|Any CPU
		{2E9F031C-6CB8-43A1-904B-5C1E9449D77F}.Release|Any CPU.ActiveCfg = Release|Any CPU
		{2E9F031C-6CB8-43A1-904B-5C1E9449D77F}.Release|Any CPU.Build.0 = Release|Any CPU
		{2E9F031C-6CB8-43A1-904B-5C1E9449D77F}.Release|x64.ActiveCfg = Release|Any CPU
		{2E9F031C-6CB8-43A1-904B-5C1E9449D77F}.Release|x64.Build.0 = Release|Any CPU
		{2E9F031C-6CB8-43A1-904B-5C1E9449D77F}.Release|x86.ActiveCfg = Release|Any CPU
		{2E9F031C-6CB8-43A1-904B-5C1E9449D77F}.Release|x86.Build.0 = Release|Any CPU
		{8A2E7749-1C4B-43D7-AF94-6F7D76832125}.Debug|Any CPU.ActiveCfg = Debug|Any CPU
		{8A2E7749-1C4B-43D7-AF94-6F7D76832125}.Debug|Any CPU.Build.0 = Debug|Any CPU
		{8A2E7749-1C4B-43D7-AF94-6F7D76832125}.Debug|x64.ActiveCfg = Debug|Any CPU
		{8A2E7749-1C4B-43D7-AF94-6F7D76832125}.Debug|x64.Build.0 = Debug|Any CPU
		{8A2E7749-1C4B-43D7-AF94-6F7D76832125}.Debug|x86.ActiveCfg = Debug|Any CPU
		{8A2E7749-1C4B-43D7-AF94-6F7D76832125}.Debug|x86.Build.0 = Debug|Any CPU
		{8A2E7749-1C4B-43D7-AF94-6F7D76832125}.Release|Any CPU.ActiveCfg = Release|Any CPU
		{8A2E7749-1C4B-43D7-AF94-6F7D76832125}.Release|Any CPU.Build.0 = Release|Any CPU
		{8A2E7749-1C4B-43D7-AF94-6F7D76832125}.Release|x64.ActiveCfg = Release|Any CPU
		{8A2E7749-1C4B-43D7-AF94-6F7D76832125}.Release|x64.Build.0 = Release|Any CPU
		{8A2E7749-1C4B-43D7-AF94-6F7D76832125}.Release|x86.ActiveCfg = Release|Any CPU
		{8A2E7749-1C4B-43D7-AF94-6F7D76832125}.Release|x86.Build.0 = Release|Any CPU
		{979199F6-80BF-49F7-BAB0-1CCFCBABCB60}.Debug|Any CPU.ActiveCfg = Debug|Any CPU
		{979199F6-80BF-49F7-BAB0-1CCFCBABCB60}.Debug|Any CPU.Build.0 = Debug|Any CPU
		{979199F6-80BF-49F7-BAB0-1CCFCBABCB60}.Debug|x64.ActiveCfg = Debug|Any CPU
		{979199F6-80BF-49F7-BAB0-1CCFCBABCB60}.Debug|x64.Build.0 = Debug|Any CPU
		{979199F6-80BF-49F7-BAB0-1CCFCBABCB60}.Debug|x86.ActiveCfg = Debug|Any CPU
		{979199F6-80BF-49F7-BAB0-1CCFCBABCB60}.Debug|x86.Build.0 = Debug|Any CPU
		{979199F6-80BF-49F7-BAB0-1CCFCBABCB60}.Release|Any CPU.ActiveCfg = Release|Any CPU
		{979199F6-80BF-49F7-BAB0-1CCFCBABCB60}.Release|Any CPU.Build.0 = Release|Any CPU
		{979199F6-80BF-49F7-BAB0-1CCFCBABCB60}.Release|x64.ActiveCfg = Release|Any CPU
		{979199F6-80BF-49F7-BAB0-1CCFCBABCB60}.Release|x64.Build.0 = Release|Any CPU
		{979199F6-80BF-49F7-BAB0-1CCFCBABCB60}.Release|x86.ActiveCfg = Release|Any CPU
		{979199F6-80BF-49F7-BAB0-1CCFCBABCB60}.Release|x86.Build.0 = Release|Any CPU
		{83A86788-3758-423F-A14E-3E6CFFEC00FB}.Debug|Any CPU.ActiveCfg = Debug|Any CPU
		{83A86788-3758-423F-A14E-3E6CFFEC00FB}.Debug|Any CPU.Build.0 = Debug|Any CPU
		{83A86788-3758-423F-A14E-3E6CFFEC00FB}.Debug|x64.ActiveCfg = Debug|Any CPU
		{83A86788-3758-423F-A14E-3E6CFFEC00FB}.Debug|x64.Build.0 = Debug|Any CPU
		{83A86788-3758-423F-A14E-3E6CFFEC00FB}.Debug|x86.ActiveCfg = Debug|Any CPU
		{83A86788-3758-423F-A14E-3E6CFFEC00FB}.Debug|x86.Build.0 = Debug|Any CPU
		{83A86788-3758-423F-A14E-3E6CFFEC00FB}.Release|Any CPU.ActiveCfg = Release|Any CPU
		{83A86788-3758-423F-A14E-3E6CFFEC00FB}.Release|Any CPU.Build.0 = Release|Any CPU
		{83A86788-3758-423F-A14E-3E6CFFEC00FB}.Release|x64.ActiveCfg = Release|Any CPU
		{83A86788-3758-423F-A14E-3E6CFFEC00FB}.Release|x64.Build.0 = Release|Any CPU
		{83A86788-3758-423F-A14E-3E6CFFEC00FB}.Release|x86.ActiveCfg = Release|Any CPU
		{83A86788-3758-423F-A14E-3E6CFFEC00FB}.Release|x86.Build.0 = Release|Any CPU
		{7DF86CD3-62D7-4132-AD98-8424BDADBB09}.Debug|Any CPU.ActiveCfg = Debug|Any CPU
		{7DF86CD3-62D7-4132-AD98-8424BDADBB09}.Debug|Any CPU.Build.0 = Debug|Any CPU
		{7DF86CD3-62D7-4132-AD98-8424BDADBB09}.Debug|x64.ActiveCfg = Debug|Any CPU
		{7DF86CD3-62D7-4132-AD98-8424BDADBB09}.Debug|x64.Build.0 = Debug|Any CPU
		{7DF86CD3-62D7-4132-AD98-8424BDADBB09}.Debug|x86.ActiveCfg = Debug|Any CPU
		{7DF86CD3-62D7-4132-AD98-8424BDADBB09}.Debug|x86.Build.0 = Debug|Any CPU
		{7DF86CD3-62D7-4132-AD98-8424BDADBB09}.Release|Any CPU.ActiveCfg = Release|Any CPU
		{7DF86CD3-62D7-4132-AD98-8424BDADBB09}.Release|Any CPU.Build.0 = Release|Any CPU
		{7DF86CD3-62D7-4132-AD98-8424BDADBB09}.Release|x64.ActiveCfg = Release|Any CPU
		{7DF86CD3-62D7-4132-AD98-8424BDADBB09}.Release|x64.Build.0 = Release|Any CPU
		{7DF86CD3-62D7-4132-AD98-8424BDADBB09}.Release|x86.ActiveCfg = Release|Any CPU
		{7DF86CD3-62D7-4132-AD98-8424BDADBB09}.Release|x86.Build.0 = Release|Any CPU
		{0E4294B8-1175-4445-8AD9-6B027440CCEF}.Debug|Any CPU.ActiveCfg = Debug|Any CPU
		{0E4294B8-1175-4445-8AD9-6B027440CCEF}.Debug|Any CPU.Build.0 = Debug|Any CPU
		{0E4294B8-1175-4445-8AD9-6B027440CCEF}.Debug|x64.ActiveCfg = Debug|Any CPU
		{0E4294B8-1175-4445-8AD9-6B027440CCEF}.Debug|x64.Build.0 = Debug|Any CPU
		{0E4294B8-1175-4445-8AD9-6B027440CCEF}.Debug|x86.ActiveCfg = Debug|Any CPU
		{0E4294B8-1175-4445-8AD9-6B027440CCEF}.Debug|x86.Build.0 = Debug|Any CPU
		{0E4294B8-1175-4445-8AD9-6B027440CCEF}.Release|Any CPU.ActiveCfg = Release|Any CPU
		{0E4294B8-1175-4445-8AD9-6B027440CCEF}.Release|Any CPU.Build.0 = Release|Any CPU
		{0E4294B8-1175-4445-8AD9-6B027440CCEF}.Release|x64.ActiveCfg = Release|Any CPU
		{0E4294B8-1175-4445-8AD9-6B027440CCEF}.Release|x64.Build.0 = Release|Any CPU
		{0E4294B8-1175-4445-8AD9-6B027440CCEF}.Release|x86.ActiveCfg = Release|Any CPU
		{0E4294B8-1175-4445-8AD9-6B027440CCEF}.Release|x86.Build.0 = Release|Any CPU
		{7175D074-7A8A-4A24-A01C-361EEB5D1FAB}.Debug|Any CPU.ActiveCfg = Debug|Any CPU
		{7175D074-7A8A-4A24-A01C-361EEB5D1FAB}.Debug|Any CPU.Build.0 = Debug|Any CPU
		{7175D074-7A8A-4A24-A01C-361EEB5D1FAB}.Debug|x64.ActiveCfg = Debug|Any CPU
		{7175D074-7A8A-4A24-A01C-361EEB5D1FAB}.Debug|x64.Build.0 = Debug|Any CPU
		{7175D074-7A8A-4A24-A01C-361EEB5D1FAB}.Debug|x86.ActiveCfg = Debug|Any CPU
		{7175D074-7A8A-4A24-A01C-361EEB5D1FAB}.Debug|x86.Build.0 = Debug|Any CPU
		{7175D074-7A8A-4A24-A01C-361EEB5D1FAB}.Release|Any CPU.ActiveCfg = Release|Any CPU
		{7175D074-7A8A-4A24-A01C-361EEB5D1FAB}.Release|Any CPU.Build.0 = Release|Any CPU
		{7175D074-7A8A-4A24-A01C-361EEB5D1FAB}.Release|x64.ActiveCfg = Release|Any CPU
		{7175D074-7A8A-4A24-A01C-361EEB5D1FAB}.Release|x64.Build.0 = Release|Any CPU
		{7175D074-7A8A-4A24-A01C-361EEB5D1FAB}.Release|x86.ActiveCfg = Release|Any CPU
		{7175D074-7A8A-4A24-A01C-361EEB5D1FAB}.Release|x86.Build.0 = Release|Any CPU
		{CF163A03-C3AE-48C3-9982-BABB6FB636D3}.Debug|Any CPU.ActiveCfg = Debug|Any CPU
		{CF163A03-C3AE-48C3-9982-BABB6FB636D3}.Debug|Any CPU.Build.0 = Debug|Any CPU
		{CF163A03-C3AE-48C3-9982-BABB6FB636D3}.Debug|x64.ActiveCfg = Debug|Any CPU
		{CF163A03-C3AE-48C3-9982-BABB6FB636D3}.Debug|x64.Build.0 = Debug|Any CPU
		{CF163A03-C3AE-48C3-9982-BABB6FB636D3}.Debug|x86.ActiveCfg = Debug|Any CPU
		{CF163A03-C3AE-48C3-9982-BABB6FB636D3}.Debug|x86.Build.0 = Debug|Any CPU
		{CF163A03-C3AE-48C3-9982-BABB6FB636D3}.Release|Any CPU.ActiveCfg = Release|Any CPU
		{CF163A03-C3AE-48C3-9982-BABB6FB636D3}.Release|Any CPU.Build.0 = Release|Any CPU
		{CF163A03-C3AE-48C3-9982-BABB6FB636D3}.Release|x64.ActiveCfg = Release|Any CPU
		{CF163A03-C3AE-48C3-9982-BABB6FB636D3}.Release|x64.Build.0 = Release|Any CPU
		{CF163A03-C3AE-48C3-9982-BABB6FB636D3}.Release|x86.ActiveCfg = Release|Any CPU
		{CF163A03-C3AE-48C3-9982-BABB6FB636D3}.Release|x86.Build.0 = Release|Any CPU
		{A42FCEDD-E2B7-4501-8CF9-D54C530C0259}.Debug|Any CPU.ActiveCfg = Debug|Any CPU
		{A42FCEDD-E2B7-4501-8CF9-D54C530C0259}.Debug|Any CPU.Build.0 = Debug|Any CPU
		{A42FCEDD-E2B7-4501-8CF9-D54C530C0259}.Debug|x64.ActiveCfg = Debug|Any CPU
		{A42FCEDD-E2B7-4501-8CF9-D54C530C0259}.Debug|x64.Build.0 = Debug|Any CPU
		{A42FCEDD-E2B7-4501-8CF9-D54C530C0259}.Debug|x86.ActiveCfg = Debug|Any CPU
		{A42FCEDD-E2B7-4501-8CF9-D54C530C0259}.Debug|x86.Build.0 = Debug|Any CPU
		{A42FCEDD-E2B7-4501-8CF9-D54C530C0259}.Release|Any CPU.ActiveCfg = Release|Any CPU
		{A42FCEDD-E2B7-4501-8CF9-D54C530C0259}.Release|Any CPU.Build.0 = Release|Any CPU
		{A42FCEDD-E2B7-4501-8CF9-D54C530C0259}.Release|x64.ActiveCfg = Release|Any CPU
		{A42FCEDD-E2B7-4501-8CF9-D54C530C0259}.Release|x64.Build.0 = Release|Any CPU
		{A42FCEDD-E2B7-4501-8CF9-D54C530C0259}.Release|x86.ActiveCfg = Release|Any CPU
		{A42FCEDD-E2B7-4501-8CF9-D54C530C0259}.Release|x86.Build.0 = Release|Any CPU
		{DB8A4D66-9E18-4B20-8A5A-E39AB14140BC}.Debug|Any CPU.ActiveCfg = Debug|Any CPU
		{DB8A4D66-9E18-4B20-8A5A-E39AB14140BC}.Debug|Any CPU.Build.0 = Debug|Any CPU
		{DB8A4D66-9E18-4B20-8A5A-E39AB14140BC}.Debug|x64.ActiveCfg = Debug|Any CPU
		{DB8A4D66-9E18-4B20-8A5A-E39AB14140BC}.Debug|x64.Build.0 = Debug|Any CPU
		{DB8A4D66-9E18-4B20-8A5A-E39AB14140BC}.Debug|x86.ActiveCfg = Debug|Any CPU
		{DB8A4D66-9E18-4B20-8A5A-E39AB14140BC}.Debug|x86.Build.0 = Debug|Any CPU
		{DB8A4D66-9E18-4B20-8A5A-E39AB14140BC}.Release|Any CPU.ActiveCfg = Release|Any CPU
		{DB8A4D66-9E18-4B20-8A5A-E39AB14140BC}.Release|Any CPU.Build.0 = Release|Any CPU
		{DB8A4D66-9E18-4B20-8A5A-E39AB14140BC}.Release|x64.ActiveCfg = Release|Any CPU
		{DB8A4D66-9E18-4B20-8A5A-E39AB14140BC}.Release|x64.Build.0 = Release|Any CPU
		{DB8A4D66-9E18-4B20-8A5A-E39AB14140BC}.Release|x86.ActiveCfg = Release|Any CPU
		{DB8A4D66-9E18-4B20-8A5A-E39AB14140BC}.Release|x86.Build.0 = Release|Any CPU
		{9B32316F-E02A-4D0B-9717-DCFA8CDDBE0E}.Debug|Any CPU.ActiveCfg = Debug|Any CPU
		{9B32316F-E02A-4D0B-9717-DCFA8CDDBE0E}.Debug|Any CPU.Build.0 = Debug|Any CPU
		{9B32316F-E02A-4D0B-9717-DCFA8CDDBE0E}.Debug|x64.ActiveCfg = Debug|Any CPU
		{9B32316F-E02A-4D0B-9717-DCFA8CDDBE0E}.Debug|x64.Build.0 = Debug|Any CPU
		{9B32316F-E02A-4D0B-9717-DCFA8CDDBE0E}.Debug|x86.ActiveCfg = Debug|Any CPU
		{9B32316F-E02A-4D0B-9717-DCFA8CDDBE0E}.Debug|x86.Build.0 = Debug|Any CPU
		{9B32316F-E02A-4D0B-9717-DCFA8CDDBE0E}.Release|Any CPU.ActiveCfg = Release|Any CPU
		{9B32316F-E02A-4D0B-9717-DCFA8CDDBE0E}.Release|Any CPU.Build.0 = Release|Any CPU
		{9B32316F-E02A-4D0B-9717-DCFA8CDDBE0E}.Release|x64.ActiveCfg = Release|Any CPU
		{9B32316F-E02A-4D0B-9717-DCFA8CDDBE0E}.Release|x64.Build.0 = Release|Any CPU
		{9B32316F-E02A-4D0B-9717-DCFA8CDDBE0E}.Release|x86.ActiveCfg = Release|Any CPU
		{9B32316F-E02A-4D0B-9717-DCFA8CDDBE0E}.Release|x86.Build.0 = Release|Any CPU
	EndGlobalSection
	GlobalSection(SolutionProperties) = preSolution
		HideSolutionNode = FALSE
	EndGlobalSection
EndGlobal
